
Microsoft Visual Studio Solution File, Format Version 12.00
# Visual Studio Version 16
VisualStudioVersion = 16.0.30128.36
MinimumVisualStudioVersion = 10.0.40219.1
Project("{FAE04EC0-301F-11D3-BF4B-00C04F79EFBC}") = "ConsoleApp", "ConsoleApp\ConsoleApp.csproj", "{2F8AE318-66B2-4E52-BBA6-52D50DC7AB24}"
EndProject
Project("{8BC9CEB8-8B4A-11D0-8D11-00A0C91BC942}") = "CustomGC", "CustomGC\CustomGC.vcxproj", "{EBE93574-F9E5-4496-BD00-04C00EC82C70}"
EndProject
Global
	GlobalSection(SolutionConfigurationPlatforms) = preSolution
		Debug|Any CPU = Debug|Any CPU
		Debug|x64 = Debug|x64
		Debug|x86 = Debug|x86
		Release|Any CPU = Release|Any CPU
		Release|x64 = Release|x64
		Release|x86 = Release|x86
	EndGlobalSection
	GlobalSection(ProjectConfigurationPlatforms) = postSolution
		{2F8AE318-66B2-4E52-BBA6-52D50DC7AB24}.Debug|Any CPU.ActiveCfg = Debug|Any CPU
		{2F8AE318-66B2-4E52-BBA6-52D50DC7AB24}.Debug|Any CPU.Build.0 = Debug|Any CPU
		{2F8AE318-66B2-4E52-BBA6-52D50DC7AB24}.Debug|x64.ActiveCfg = Debug|Any CPU
		{2F8AE318-66B2-4E52-BBA6-52D50DC7AB24}.Debug|x64.Build.0 = Debug|Any CPU
		{2F8AE318-66B2-4E52-BBA6-52D50DC7AB24}.Debug|x86.ActiveCfg = Debug|Any CPU
		{2F8AE318-66B2-4E52-BBA6-52D50DC7AB24}.Debug|x86.Build.0 = Debug|Any CPU
		{2F8AE318-66B2-4E52-BBA6-52D50DC7AB24}.Release|Any CPU.ActiveCfg = Release|Any CPU
		{2F8AE318-66B2-4E52-BBA6-52D50DC7AB24}.Release|Any CPU.Build.0 = Release|Any CPU
		{2F8AE318-66B2-4E52-BBA6-52D50DC7AB24}.Release|x64.ActiveCfg = Release|Any CPU
		{2F8AE318-66B2-4E52-BBA6-52D50DC7AB24}.Release|x64.Build.0 = Release|Any CPU
		{2F8AE318-66B2-4E52-BBA6-52D50DC7AB24}.Release|x86.ActiveCfg = Release|Any CPU
		{2F8AE318-66B2-4E52-BBA6-52D50DC7AB24}.Release|x86.Build.0 = Release|Any CPU
		{EBE93574-F9E5-4496-BD00-04C00EC82C70}.Debug|Any CPU.ActiveCfg = Debug|Win32
		{EBE93574-F9E5-4496-BD00-04C00EC82C70}.Debug|x64.ActiveCfg = Debug|x64
		{EBE93574-F9E5-4496-BD00-04C00EC82C70}.Debug|x64.Build.0 = Debug|x64
		{EBE93574-F9E5-4496-BD00-04C00EC82C70}.Debug|x86.ActiveCfg = Debug|Win32
		{EBE93574-F9E5-4496-BD00-04C00EC82C70}.Debug|x86.Build.0 = Debug|Win32
		{EBE93574-F9E5-4496-BD00-04C00EC82C70}.Release|Any CPU.ActiveCfg = Release|Win32
		{EBE93574-F9E5-4496-BD00-04C00EC82C70}.Release|x64.ActiveCfg = Release|x64
		{EBE93574-F9E5-4496-BD00-04C00EC82C70}.Release|x64.Build.0 = Release|x64
		{EBE93574-F9E5-4496-BD00-04C00EC82C70}.Release|x86.ActiveCfg = Release|Win32
		{EBE93574-F9E5-4496-BD00-04C00EC82C70}.Release|x86.Build.0 = Release|Win32
	EndGlobalSection
	GlobalSection(SolutionProperties) = preSolution
		HideSolutionNode = FALSE
	EndGlobalSection
	GlobalSection(ExtensibilityGlobals) = postSolution
		SolutionGuid = {E9D5B8F6-AD9C-4542-97CC-7770B656AD9B}
	EndGlobalSection
EndGlobal
